
Microsoft Visual Studio Solution File, Format Version 11.00
# Visual Studio 2010
Project("{FAE04EC0-301F-11D3-BF4B-00C04F79EFBC}") = "LazyEating.Model", "LazyEating.Model\LazyEating.Model.csproj", "{516DD3DC-6891-4CFE-8089-D76AF638B8D5}"
EndProject
Project("{FAE04EC0-301F-11D3-BF4B-00C04F79EFBC}") = "LazyEating.Repository", "LazyEating.Repository\LazyEating.Repository.csproj", "{3FEE3D97-E0DC-47BB-832E-0127851B21D8}"
EndProject
Project("{FAE04EC0-301F-11D3-BF4B-00C04F79EFBC}") = "LazyEating.UI.Web", "LazyEating.UI.Web\LazyEating.UI.Web.csproj", "{1971F495-4A4C-4887-87D1-2E1F0B49A1F7}"
EndProject
Global
	GlobalSection(SolutionConfigurationPlatforms) = preSolution
		Debug|Any CPU = Debug|Any CPU
		Release|Any CPU = Release|Any CPU
	EndGlobalSection
	GlobalSection(ProjectConfigurationPlatforms) = postSolution
		{516DD3DC-6891-4CFE-8089-D76AF638B8D5}.Debug|Any CPU.ActiveCfg = Debug|Any CPU
		{516DD3DC-6891-4CFE-8089-D76AF638B8D5}.Debug|Any CPU.Build.0 = Debug|Any CPU
		{516DD3DC-6891-4CFE-8089-D76AF638B8D5}.Release|Any CPU.ActiveCfg = Release|Any CPU
		{516DD3DC-6891-4CFE-8089-D76AF638B8D5}.Release|Any CPU.Build.0 = Release|Any CPU
		{3FEE3D97-E0DC-47BB-832E-0127851B21D8}.Debug|Any CPU.ActiveCfg = Debug|Any CPU
		{3FEE3D97-E0DC-47BB-832E-0127851B21D8}.Debug|Any CPU.Build.0 = Debug|Any CPU
		{3FEE3D97-E0DC-47BB-832E-0127851B21D8}.Release|Any CPU.ActiveCfg = Release|Any CPU
		{3FEE3D97-E0DC-47BB-832E-0127851B21D8}.Release|Any CPU.Build.0 = Release|Any CPU
		{1971F495-4A4C-4887-87D1-2E1F0B49A1F7}.Debug|Any CPU.ActiveCfg = Debug|Any CPU
		{1971F495-4A4C-4887-87D1-2E1F0B49A1F7}.Debug|Any CPU.Build.0 = Debug|Any CPU
		{1971F495-4A4C-4887-87D1-2E1F0B49A1F7}.Release|Any CPU.ActiveCfg = Release|Any CPU
		{1971F495-4A4C-4887-87D1-2E1F0B49A1F7}.Release|Any CPU.Build.0 = Release|Any CPU
	EndGlobalSection
	GlobalSection(SolutionProperties) = preSolution
		HideSolutionNode = FALSE
	EndGlobalSection
EndGlobal
